
Microsoft Visual Studio Solution File, Format Version 12.00
# Visual Studio Version 16
VisualStudioVersion = 16.0.30907.101
MinimumVisualStudioVersion = 10.0.40219.1
Project("{FAE04EC0-301F-11D3-BF4B-00C04F79EFBC}") = "Sistema-Pagamento", "Sistema-Pagamento\Sistema-Pagamento.csproj", "{1BBD936D-0973-4E42-90BC-42E04C25DCE5}"
EndProject
Global
	GlobalSection(SolutionConfigurationPlatforms) = preSolution
		Debug|Any CPU = Debug|Any CPU
		Release|Any CPU = Release|Any CPU
	EndGlobalSection
	GlobalSection(ProjectConfigurationPlatforms) = postSolution
		{1BBD936D-0973-4E42-90BC-42E04C25DCE5}.Debug|Any CPU.ActiveCfg = Debug|Any CPU
		{1BBD936D-0973-4E42-90BC-42E04C25DCE5}.Debug|Any CPU.Build.0 = Debug|Any CPU
		{1BBD936D-0973-4E42-90BC-42E04C25DCE5}.Release|Any CPU.ActiveCfg = Release|Any CPU
		{1BBD936D-0973-4E42-90BC-42E04C25DCE5}.Release|Any CPU.Build.0 = Release|Any CPU
	EndGlobalSection
	GlobalSection(SolutionProperties) = preSolution
		HideSolutionNode = FALSE
	EndGlobalSection
	GlobalSection(ExtensibilityGlobals) = postSolution
		SolutionGuid = {6B7B1473-4E11-4D32-A9B6-C4204815048D}
	EndGlobalSection
EndGlobal
